<?xml version="1.0" encoding="utf-8"?>
<Project ToolsVersion="4.0" xmlns="http://schemas.microsoft.com/developer/msbuild/2003">
  <ItemGroup>
    <Filter Include="Headers">
      <UniqueIdentifier>{be9b9530-4bf3-452f-95f5-624272568c99}</UniqueIdentifier>
    </Filter>
    <Filter Include="Source">
      <UniqueIdentifier>{6ac9ad10-54eb-47d5-b576-ad29d07d813a}</UniqueIdentifier>
    </Filter>
    <Filter Include="Headers\backends">
      <UniqueIdentifier>{be74cdf5-ddc5-469e-86f9-4c1aa0cf7e35}</UniqueIdentifier>
    </Filter>
    <Filter Include="Source\backends">
      <UniqueIdentifier>{c0f8c65b-daad-4a60-b6a0-aac4d6b38bff}</UniqueIdentifier>
    </Filter>
  </ItemGroup>
  <ItemGroup>
    <ClInclude Include="imstb_textedit.h">
      <Filter>Headers</Filter>
    </ClInclude>
    <ClInclude Include="imstb_truetype.h">
      <Filter>Headers</Filter>
    </ClInclude>
    <ClInclude Include="imconfig.h">
      <Filter>Headers</Filter>
    </ClInclude>
    <ClInclude Include="imgui.h">
      <Filter>Headers</Filter>
    </ClInclude>
    <ClInclude Include="imgui_internal.h">
      <Filter>Headers</Filter>
    </ClInclude>
    <ClInclude Include="imstb_rectpack.h">
      <Filter>Headers</Filter>
    </ClInclude>
    <ClInclude Include="backends\imgui_impl_dx11.h">
      <Filter>Headers\backends</Filter>
    </ClInclude>
    <ClInclude Include="backends\imgui_impl_win32.h">
      <Filter>Headers\backends</Filter>
    </ClInclude>
  </ItemGroup>
  <ItemGroup>
    <ClCompile Include="imgui_widgets.cpp">
      <Filter>Source</Filter>
    </ClCompile>
    <ClCompile Include="imgui.cpp">
      <Filter>Source</Filter>
    </ClCompile>
    <ClCompile Include="imgui_demo.cpp">
      <Filter>Source</Filter>
    </ClCompile>
    <ClCompile Include="imgui_draw.cpp">
      <Filter>Source</Filter>
    </ClCompile>
    <ClCompile Include="imgui_tables.cpp">
      <Filter>Source</Filter>
    </ClCompile>
    <ClCompile Include="backends\imgui_impl_dx11.cpp">
      <Filter>Source\backends</Filter>
    </ClCompile>
    <ClCompile Include="backends\imgui_impl_win32.cpp">
      <Filter>Source\backends</Filter>
    </ClCompile>
  </ItemGroup>
</Project>